{
  "version": 4,
  "terraform_version": "1.0.10",
  "serial": 203,
  "lineage": "211df01e-8a35-5465-56e0-dccddecc3979",
  "outputs": {},
  "resources": [
    {
      "module": "module.CoalfireModule",
      "mode": "managed",
      "type": "azurerm_availability_set",
      "name": "vmset",
      "provider": "provider[\"registry.terraform.io/hashicorp/azurerm\"]",
      "instances": [
        {
          "schema_version": 0,
          "attributes": {
            "id": "/subscriptions/c0a57d55-42cb-4d4d-ab13-62d30c7b4b31/resourceGroups/Project-RG2/providers/Microsoft.Compute/availabilitySets/VM-Set",
            "location": "eastus",
            "managed": true,
            "name": "VM-Set",
            "platform_fault_domain_count": 3,
            "platform_update_domain_count": 5,
            "proximity_placement_group_id": null,
            "resource_group_name": "Project-RG2",
            "tags": {},
            "timeouts": null
          },
          "sensitive_attributes": [],
          "private": "eyJlMmJmYjczMC1lY2FhLTExZTYtOGY4OC0zNDM2M2JjN2M0YzAiOnsiY3JlYXRlIjoxODAwMDAwMDAwMDAwLCJkZWxldGUiOjE4MDAwMDAwMDAwMDAsInJlYWQiOjMwMDAwMDAwMDAwMCwidXBkYXRlIjoxODAwMDAwMDAwMDAwfX0=",
          "dependencies": [
            "module.CoalfireModule.azurerm_resource_group.project-rg"
          ]
        }
      ]
    },
    {
      "module": "module.CoalfireModule",
      "mode": "managed",
      "type": "azurerm_lb",
      "name": "apache-lb",
      "provider": "provider[\"registry.terraform.io/hashicorp/azurerm\"]",
      "instances": [
        {
          "schema_version": 0,
          "attributes": {
            "frontend_ip_configuration": [
              {
                "availability_zone": "No-Zone",
                "id": "/subscriptions/c0a57d55-42cb-4d4d-ab13-62d30c7b4b31/resourceGroups/Project-RG2/providers/Microsoft.Network/loadBalancers/ApacheLoadBalancer/frontendIPConfigurations/PublicIPAddress",
                "inbound_nat_rules": [
                  "/subscriptions/c0a57d55-42cb-4d4d-ab13-62d30c7b4b31/resourceGroups/Project-RG2/providers/Microsoft.Network/loadBalancers/ApacheLoadBalancer/inboundNatRules/HttpAccess"
                ],
                "load_balancer_rules": [],
                "name": "PublicIPAddress",
                "outbound_rules": [],
                "private_ip_address": "",
                "private_ip_address_allocation": "Dynamic",
                "private_ip_address_version": "",
                "public_ip_address_id": "/subscriptions/c0a57d55-42cb-4d4d-ab13-62d30c7b4b31/resourceGroups/Project-RG2/providers/Microsoft.Network/publicIPAddresses/PublicIPForLB",
                "public_ip_prefix_id": "",
                "subnet_id": "",
                "zones": []
              }
            ],
            "id": "/subscriptions/c0a57d55-42cb-4d4d-ab13-62d30c7b4b31/resourceGroups/Project-RG2/providers/Microsoft.Network/loadBalancers/ApacheLoadBalancer",
            "location": "eastus",
            "name": "ApacheLoadBalancer",
            "private_ip_address": "",
            "private_ip_addresses": [],
            "resource_group_name": "Project-RG2",
            "sku": "Basic",
            "tags": {},
            "timeouts": null
          },
          "sensitive_attributes": [],
          "private": "eyJlMmJmYjczMC1lY2FhLTExZTYtOGY4OC0zNDM2M2JjN2M0YzAiOnsiY3JlYXRlIjoxODAwMDAwMDAwMDAwLCJkZWxldGUiOjE4MDAwMDAwMDAwMDAsInJlYWQiOjMwMDAwMDAwMDAwMCwidXBkYXRlIjoxODAwMDAwMDAwMDAwfX0=",
          "dependencies": [
            "module.CoalfireModule.azurerm_resource_group.project-rg",
            "module.CoalfireModule.azurerm_public_ip.lb-ip"
          ]
        }
      ]
    },
    {
      "module": "module.CoalfireModule",
      "mode": "managed",
      "type": "azurerm_lb_backend_address_pool",
      "name": "backend-pool",
      "provider": "provider[\"registry.terraform.io/hashicorp/azurerm\"]",
      "instances": [
        {
          "schema_version": 0,
          "attributes": {
            "backend_address": [],
            "backend_ip_configurations": [
              "/subscriptions/c0a57d55-42cb-4d4d-ab13-62d30c7b4b31/resourceGroups/Project-RG2/providers/Microsoft.Network/networkInterfaces/vm3-nic/ipConfigurations/internal"
            ],
            "id": "/subscriptions/c0a57d55-42cb-4d4d-ab13-62d30c7b4b31/resourceGroups/Project-RG2/providers/Microsoft.Network/loadBalancers/ApacheLoadBalancer/backendAddressPools/BackEndAddressPool",
            "load_balancing_rules": [],
            "loadbalancer_id": "/subscriptions/c0a57d55-42cb-4d4d-ab13-62d30c7b4b31/resourceGroups/Project-RG2/providers/Microsoft.Network/loadBalancers/ApacheLoadBalancer",
            "name": "BackEndAddressPool",
            "outbound_rules": [],
            "resource_group_name": "Project-RG2",
            "timeouts": null
          },
          "sensitive_attributes": [],
          "private": "eyJlMmJmYjczMC1lY2FhLTExZTYtOGY4OC0zNDM2M2JjN2M0YzAiOnsiY3JlYXRlIjoxODAwMDAwMDAwMDAwLCJkZWxldGUiOjE4MDAwMDAwMDAwMDAsInJlYWQiOjMwMDAwMDAwMDAwMCwidXBkYXRlIjoxODAwMDAwMDAwMDAwfX0=",
          "dependencies": [
            "module.CoalfireModule.azurerm_lb.apache-lb",
            "module.CoalfireModule.azurerm_public_ip.lb-ip",
            "module.CoalfireModule.azurerm_resource_group.project-rg"
          ]
        }
      ]
    },
    {
      "module": "module.CoalfireModule",
      "mode": "managed",
      "type": "azurerm_lb_nat_rule",
      "name": "lb-nat",
      "provider": "provider[\"registry.terraform.io/hashicorp/azurerm\"]",
      "instances": [
        {
          "schema_version": 0,
          "attributes": {
            "backend_ip_configuration_id": "",
            "backend_port": 80,
            "enable_floating_ip": false,
            "enable_tcp_reset": false,
            "frontend_ip_configuration_id": "/subscriptions/c0a57d55-42cb-4d4d-ab13-62d30c7b4b31/resourceGroups/Project-RG2/providers/Microsoft.Network/loadBalancers/ApacheLoadBalancer/frontendIPConfigurations/PublicIPAddress",
            "frontend_ip_configuration_name": "PublicIPAddress",
            "frontend_port": 80,
            "id": "/subscriptions/c0a57d55-42cb-4d4d-ab13-62d30c7b4b31/resourceGroups/Project-RG2/providers/Microsoft.Network/loadBalancers/ApacheLoadBalancer/inboundNatRules/HttpAccess",
            "idle_timeout_in_minutes": 4,
            "loadbalancer_id": "/subscriptions/c0a57d55-42cb-4d4d-ab13-62d30c7b4b31/resourceGroups/Project-RG2/providers/Microsoft.Network/loadBalancers/ApacheLoadBalancer",
            "name": "HttpAccess",
            "protocol": "Tcp",
            "resource_group_name": "Project-RG2",
            "timeouts": null
          },
          "sensitive_attributes": [],
          "private": "eyJlMmJmYjczMC1lY2FhLTExZTYtOGY4OC0zNDM2M2JjN2M0YzAiOnsiY3JlYXRlIjoxODAwMDAwMDAwMDAwLCJkZWxldGUiOjE4MDAwMDAwMDAwMDAsInJlYWQiOjMwMDAwMDAwMDAwMCwidXBkYXRlIjoxODAwMDAwMDAwMDAwfX0=",
          "dependencies": [
            "module.CoalfireModule.azurerm_lb.apache-lb",
            "module.CoalfireModule.azurerm_public_ip.lb-ip",
            "module.CoalfireModule.azurerm_resource_group.project-rg"
          ]
        }
      ]
    },
    {
      "module": "module.CoalfireModule",
      "mode": "managed",
      "type": "azurerm_linux_virtual_machine",
      "name": "vm1",
      "provider": "provider[\"registry.terraform.io/hashicorp/azurerm\"]",
      "instances": [
        {
          "schema_version": 0,
          "attributes": {
            "additional_capabilities": [],
            "admin_password": null,
            "admin_ssh_key": [
              {
                "public_key": "ssh-rsa AAAAB3NzaC1yc2EAAAADAQABAAABgQDMI09dZUwjiSjchXgLv3pXMKFjGUBp/vTY/HFQ4ShEiG6rVRjhGXP2i3FC1Rr7Zv4osd8iMnt8996Gs1iX/dzq/1zZAwu9OfBREoNr5KoDdgAIeqhGkRozi9ZBq+ZGFTIHSx36N3wxxvA55/bLrunm7yMp6CwkG9NPb5jzQMDWnA8nISzc1XTkB2rEmItUXTd+OUVS4xRd+2y3axCX7YpUJMgllaARK7Ssat8B6Za09Bk8Z9dGXcZleM4/W1y94VPCDswVy75MepBnGFP7iNp4o+V7GebOa8bXoWQ0i/lZjnVdK91isIJnzKKiZO0DJloltAhDZNUfn2ZwcXoRj9El9kw5mz2WRNA/wGd1D1V9kp3R5t4nJyv6H1jCZKy0nNOwgHn0ndDgeE0+46Poq6aH2Jxsr7cQ7fYftjbqsuoS5pWxNdZPLUlJ35M+5FNiPDwcS8jV976/L6thBQVFp0NVkLV8A7RJoIDwl7wgX7ucF0UqWiYFVaNBsKG9k4DfTzU= eaton\\e0399481@USBEAWHP6098359\r\n",
                "username": "adminuser"
              }
            ],
            "admin_username": "adminuser",
            "allow_extension_operations": true,
            "availability_set_id": "/subscriptions/c0a57d55-42cb-4d4d-ab13-62d30c7b4b31/resourceGroups/Project-RG2/providers/Microsoft.Compute/availabilitySets/VM-SET",
            "boot_diagnostics": [],
            "computer_name": "VM-1",
            "custom_data": null,
            "dedicated_host_id": "",
            "disable_password_authentication": true,
            "encryption_at_host_enabled": false,
            "eviction_policy": "",
            "extensions_time_budget": "PT1H30M",
            "id": "/subscriptions/c0a57d55-42cb-4d4d-ab13-62d30c7b4b31/resourceGroups/Project-RG2/providers/Microsoft.Compute/virtualMachines/VM-1",
            "identity": [
              {
                "identity_ids": [],
                "principal_id": "de15e863-38f4-4e63-9ecf-34d4561d05ae",
                "tenant_id": "d6525c95-b906-431a-b926-e9b51ba43cc4",
                "type": "SystemAssigned"
              }
            ],
            "license_type": "",
            "location": "eastus",
            "max_bid_price": -1,
            "name": "VM-1",
            "network_interface_ids": [
              "/subscriptions/c0a57d55-42cb-4d4d-ab13-62d30c7b4b31/resourceGroups/Project-RG2/providers/Microsoft.Network/networkInterfaces/vm1-nic"
            ],
            "os_disk": [
              {
                "caching": "ReadWrite",
                "diff_disk_settings": [],
                "disk_encryption_set_id": "",
                "disk_size_gb": 32,
                "name": "VM-1_OsDisk_1_f4044fac2b5242f492aaa70b89d5915d",
                "storage_account_type": "Standard_LRS",
                "write_accelerator_enabled": false
              }
            ],
            "plan": [],
            "platform_fault_domain": -1,
            "priority": "Regular",
            "private_ip_address": "10.0.0.4",
            "private_ip_addresses": [
              "10.0.0.4"
            ],
            "provision_vm_agent": true,
            "proximity_placement_group_id": "",
            "public_ip_address": "",
            "public_ip_addresses": [],
            "resource_group_name": "Project-RG2",
            "secret": [],
            "size": "Standard_DS1_v2",
            "source_image_id": "",
            "source_image_reference": [
              {
                "offer": "RHEL",
                "publisher": "RedHat",
                "sku": "8",
                "version": "latest"
              }
            ],
            "tags": {},
            "timeouts": null,
            "virtual_machine_id": "001e843a-fc0d-49e5-81de-6526dba5a752",
            "virtual_machine_scale_set_id": "",
            "zone": ""
          },
          "sensitive_attributes": [],
          "private": "eyJlMmJmYjczMC1lY2FhLTExZTYtOGY4OC0zNDM2M2JjN2M0YzAiOnsiY3JlYXRlIjoyNzAwMDAwMDAwMDAwLCJkZWxldGUiOjI3MDAwMDAwMDAwMDAsInJlYWQiOjMwMDAwMDAwMDAwMCwidXBkYXRlIjoyNzAwMDAwMDAwMDAwfX0=",
          "dependencies": [
            "module.CoalfireModule.azurerm_availability_set.vmset",
            "module.CoalfireModule.azurerm_network_interface.interface",
            "module.CoalfireModule.azurerm_resource_group.project-rg"
          ]
        }
      ]
    },
    {
      "module": "module.CoalfireModule",
      "mode": "managed",
      "type": "azurerm_linux_virtual_machine",
      "name": "vm2",
      "provider": "provider[\"registry.terraform.io/hashicorp/azurerm\"]",
      "instances": [
        {
          "schema_version": 0,
          "attributes": {
            "additional_capabilities": [],
            "admin_password": null,
            "admin_ssh_key": [
              {
                "public_key": "ssh-rsa AAAAB3NzaC1yc2EAAAADAQABAAABgQDx4YvDeRk5Bu3KLjUT9jlHqveIUW9IPowv6MJWGOQIAmjhthNRPPnfaox5gj7sdafDlKWFRyvxaAd/CIZv5nZaClYvfFV+r2RC6MY8p7YNm2LPr0QJGOpf5pohPgqWwzVwDPFlIJi64UuLDRLGR0rKbmxL++wIX+IDhSMDs53JpteKfZyCt0OIbgNDSiR4AKGRg04M70NBR/8FbnI8Vg2CsjGdk2tQdcXBR9YPaOA6XeaGlP9YyB2scxshDJymNC0FiNPW1YylC5p5i69uc6RAKxfG9yM/68k+66NbjHk1v2b3V2dzkGwxxkIhULwrK2BnCwuSZ+hG6aJTTwxsqJhSTjWrERYMvcC4E1rNl467/G1IeQwAjGLuX4FRLnTAKnv3vFHFomLSv4pkPHaKB+f/7FaePOjoXAYn4IzmkKv40RHvvO6xEetWXXdcMv/n57TWVbVWXWNap8qcrWerrwP7u1nhSt/Qq2/AkHHlYEKUJaayGy7lLesIBSktz5QtZyM= eaton\\e0399481@USBEAWHP6098359\r\n",
                "username": "adminuser"
              }
            ],
            "admin_username": "adminuser",
            "allow_extension_operations": true,
            "availability_set_id": "/subscriptions/c0a57d55-42cb-4d4d-ab13-62d30c7b4b31/resourceGroups/Project-RG2/providers/Microsoft.Compute/availabilitySets/VM-SET",
            "boot_diagnostics": [],
            "computer_name": "VM-2",
            "custom_data": null,
            "dedicated_host_id": "",
            "disable_password_authentication": true,
            "encryption_at_host_enabled": false,
            "eviction_policy": "",
            "extensions_time_budget": "PT1H30M",
            "id": "/subscriptions/c0a57d55-42cb-4d4d-ab13-62d30c7b4b31/resourceGroups/Project-RG2/providers/Microsoft.Compute/virtualMachines/VM-2",
            "identity": [
              {
                "identity_ids": [],
                "principal_id": "6e6675eb-9260-490e-858a-14348cb21490",
                "tenant_id": "d6525c95-b906-431a-b926-e9b51ba43cc4",
                "type": "SystemAssigned"
              }
            ],
            "license_type": "",
            "location": "eastus",
            "max_bid_price": -1,
            "name": "VM-2",
            "network_interface_ids": [
              "/subscriptions/c0a57d55-42cb-4d4d-ab13-62d30c7b4b31/resourceGroups/Project-RG2/providers/Microsoft.Network/networkInterfaces/vm2-nic"
            ],
            "os_disk": [
              {
                "caching": "ReadWrite",
                "diff_disk_settings": [],
                "disk_encryption_set_id": "",
                "disk_size_gb": 32,
                "name": "VM-2_OsDisk_1_4f064a546a8d4983bff88165a360c51d",
                "storage_account_type": "Standard_LRS",
                "write_accelerator_enabled": false
              }
            ],
            "plan": [],
            "platform_fault_domain": -1,
            "priority": "Regular",
            "private_ip_address": "10.0.0.5",
            "private_ip_addresses": [
              "10.0.0.5"
            ],
            "provision_vm_agent": true,
            "proximity_placement_group_id": "",
            "public_ip_address": "",
            "public_ip_addresses": [],
            "resource_group_name": "Project-RG2",
            "secret": [],
            "size": "Standard_DS1_v2",
            "source_image_id": "",
            "source_image_reference": [
              {
                "offer": "RHEL",
                "publisher": "RedHat",
                "sku": "8",
                "version": "latest"
              }
            ],
            "tags": {},
            "timeouts": null,
            "virtual_machine_id": "89b9a0a9-3414-4345-82e4-3c16ecb4cb25",
            "virtual_machine_scale_set_id": "",
            "zone": ""
          },
          "sensitive_attributes": [],
          "private": "eyJlMmJmYjczMC1lY2FhLTExZTYtOGY4OC0zNDM2M2JjN2M0YzAiOnsiY3JlYXRlIjoyNzAwMDAwMDAwMDAwLCJkZWxldGUiOjI3MDAwMDAwMDAwMDAsInJlYWQiOjMwMDAwMDAwMDAwMCwidXBkYXRlIjoyNzAwMDAwMDAwMDAwfX0=",
          "dependencies": [
            "module.CoalfireModule.azurerm_availability_set.vmset",
            "module.CoalfireModule.azurerm_network_interface.interface2",
            "module.CoalfireModule.azurerm_resource_group.project-rg"
          ]
        }
      ]
    },
    {
      "module": "module.CoalfireModule",
      "mode": "managed",
      "type": "azurerm_linux_virtual_machine",
      "name": "vm3",
      "provider": "provider[\"registry.terraform.io/hashicorp/azurerm\"]",
      "instances": [
        {
          "schema_version": 0,
          "attributes": {
            "additional_capabilities": [],
            "admin_password": null,
            "admin_ssh_key": [
              {
                "public_key": "ssh-rsa AAAAB3NzaC1yc2EAAAADAQABAAABgQDANVo7cmGY46XQSB7o7GthXuUBCijgEh17Zp3MvzQTs5Q6OdsGNYDIDZmlwTvgDmQe3mxj9eL+Ku1wg3xp2bTPwftVQRo8Tu8qsyWxKjfUweK7GhUcqBZlZaOmP78Gd/JAAJUBtgYTik3Fs+re1iSynZ8X9SLQT9TfMxgelWwdcDfXChBXqWS5cuhJy2W5a0SizMmCLedzHbVbrrkqFrea5FNOgRMNgwK9SQNtmUnPRaxhjXgohfKWayYPSgndkovkOOdPDD94To6t+HzMvCYK/BaJ5bICdrPegav7XSEnrix2zHMYgZFusL1xOOFtb4Gh/HIIU3hdM7BHsNN8oB+7PvbB23cM9frqMyPCBULcWKU7q+wZ9wgU9C9ngsfpr9R7M6KspXXjnmns0D6Pw/cLYl71uB0jdghm8y5X0pqJD2PHALIsQixgBrQFOCZieMPCfLfkVz1T+yLuvi+iPhyQ4E+Btuqqttbpcjfyd0hzL7B37uq0a7JnX20kweoGH2s= eaton\\e0399481@USBEAWHP6098359\r\n",
                "username": "adminuser"
              }
            ],
            "admin_username": "adminuser",
            "allow_extension_operations": true,
            "availability_set_id": "",
            "boot_diagnostics": [],
            "computer_name": "Apache-VM",
            "custom_data": null,
            "dedicated_host_id": "",
            "disable_password_authentication": true,
            "encryption_at_host_enabled": false,
            "eviction_policy": "",
            "extensions_time_budget": "PT1H30M",
            "id": "/subscriptions/c0a57d55-42cb-4d4d-ab13-62d30c7b4b31/resourceGroups/Project-RG2/providers/Microsoft.Compute/virtualMachines/Apache-VM",
            "identity": [
              {
                "identity_ids": [],
                "principal_id": "4e673cf4-5e90-47f0-92ed-2d483cc4bb34",
                "tenant_id": "d6525c95-b906-431a-b926-e9b51ba43cc4",
                "type": "SystemAssigned"
              }
            ],
            "license_type": "",
            "location": "eastus",
            "max_bid_price": -1,
            "name": "Apache-VM",
            "network_interface_ids": [
              "/subscriptions/c0a57d55-42cb-4d4d-ab13-62d30c7b4b31/resourceGroups/Project-RG2/providers/Microsoft.Network/networkInterfaces/vm3-nic"
            ],
            "os_disk": [
              {
                "caching": "ReadWrite",
                "diff_disk_settings": [],
                "disk_encryption_set_id": "",
                "disk_size_gb": 32,
                "name": "Apache-VM_OsDisk_1_e03d42971e1d4e0b99cc158bfd25d570",
                "storage_account_type": "Standard_LRS",
                "write_accelerator_enabled": false
              }
            ],
            "plan": [],
            "platform_fault_domain": -1,
            "priority": "Regular",
            "private_ip_address": "10.0.2.4",
            "private_ip_addresses": [
              "10.0.2.4"
            ],
            "provision_vm_agent": true,
            "proximity_placement_group_id": "",
            "public_ip_address": "",
            "public_ip_addresses": [],
            "resource_group_name": "Project-RG2",
            "secret": [],
            "size": "Standard_DS1_v2",
            "source_image_id": "",
            "source_image_reference": [
              {
                "offer": "RHEL",
                "publisher": "RedHat",
                "sku": "8",
                "version": "latest"
              }
            ],
            "tags": {},
            "timeouts": null,
            "virtual_machine_id": "37a3fd8c-ee82-4af5-b76d-33b22159d544",
            "virtual_machine_scale_set_id": "",
            "zone": ""
          },
          "sensitive_attributes": [],
          "private": "eyJlMmJmYjczMC1lY2FhLTExZTYtOGY4OC0zNDM2M2JjN2M0YzAiOnsiY3JlYXRlIjoyNzAwMDAwMDAwMDAwLCJkZWxldGUiOjI3MDAwMDAwMDAwMDAsInJlYWQiOjMwMDAwMDAwMDAwMCwidXBkYXRlIjoyNzAwMDAwMDAwMDAwfX0=",
          "dependencies": [
            "module.CoalfireModule.azurerm_network_interface.interface3",
            "module.CoalfireModule.azurerm_resource_group.project-rg"
          ]
        }
      ]
    },
    {
      "module": "module.CoalfireModule",
      "mode": "managed",
      "type": "azurerm_managed_disk",
      "name": "vm1-disk",
      "provider": "provider[\"registry.terraform.io/hashicorp/azurerm\"]",
      "instances": [
        {
          "schema_version": 0,
          "attributes": {
            "create_option": "Empty",
            "disk_access_id": "",
            "disk_encryption_set_id": "",
            "disk_iops_read_write": 500,
            "disk_mbps_read_write": 60,
            "disk_size_gb": 256,
            "encryption_settings": [],
            "id": "/subscriptions/c0a57d55-42cb-4d4d-ab13-62d30c7b4b31/resourceGroups/Project-RG2/providers/Microsoft.Compute/disks/VM1-Disk",
            "image_reference_id": "",
            "location": "eastus",
            "name": "VM1-Disk",
            "network_access_policy": null,
            "os_type": "",
            "resource_group_name": "Project-RG2",
            "source_resource_id": "",
            "source_uri": "",
            "storage_account_id": "",
            "storage_account_type": "Standard_LRS",
            "tags": {},
            "tier": "",
            "timeouts": null,
            "zones": []
          },
          "sensitive_attributes": [],
          "private": "eyJlMmJmYjczMC1lY2FhLTExZTYtOGY4OC0zNDM2M2JjN2M0YzAiOnsiY3JlYXRlIjoxODAwMDAwMDAwMDAwLCJkZWxldGUiOjE4MDAwMDAwMDAwMDAsInJlYWQiOjMwMDAwMDAwMDAwMCwidXBkYXRlIjoxODAwMDAwMDAwMDAwfX0=",
          "dependencies": [
            "module.CoalfireModule.azurerm_resource_group.project-rg"
          ]
        }
      ]
    },
    {
      "module": "module.CoalfireModule",
      "mode": "managed",
      "type": "azurerm_managed_disk",
      "name": "vm2-disk",
      "provider": "provider[\"registry.terraform.io/hashicorp/azurerm\"]",
      "instances": [
        {
          "schema_version": 0,
          "attributes": {
            "create_option": "Empty",
            "disk_access_id": "",
            "disk_encryption_set_id": "",
            "disk_iops_read_write": 500,
            "disk_mbps_read_write": 60,
            "disk_size_gb": 256,
            "encryption_settings": [],
            "id": "/subscriptions/c0a57d55-42cb-4d4d-ab13-62d30c7b4b31/resourceGroups/Project-RG2/providers/Microsoft.Compute/disks/VM2-Disk",
            "image_reference_id": "",
            "location": "eastus",
            "name": "VM2-Disk",
            "network_access_policy": null,
            "os_type": "",
            "resource_group_name": "Project-RG2",
            "source_resource_id": "",
            "source_uri": "",
            "storage_account_id": "",
            "storage_account_type": "Standard_LRS",
            "tags": {},
            "tier": "",
            "timeouts": null,
            "zones": []
          },
          "sensitive_attributes": [],
          "private": "eyJlMmJmYjczMC1lY2FhLTExZTYtOGY4OC0zNDM2M2JjN2M0YzAiOnsiY3JlYXRlIjoxODAwMDAwMDAwMDAwLCJkZWxldGUiOjE4MDAwMDAwMDAwMDAsInJlYWQiOjMwMDAwMDAwMDAwMCwidXBkYXRlIjoxODAwMDAwMDAwMDAwfX0=",
          "dependencies": [
            "module.CoalfireModule.azurerm_resource_group.project-rg"
          ]
        }
      ]
    },
    {
      "module": "module.CoalfireModule",
      "mode": "managed",
      "type": "azurerm_managed_disk",
      "name": "vm3-disk",
      "provider": "provider[\"registry.terraform.io/hashicorp/azurerm\"]",
      "instances": [
        {
          "schema_version": 0,
          "attributes": {
            "create_option": "Empty",
            "disk_access_id": "",
            "disk_encryption_set_id": "",
            "disk_iops_read_write": 500,
            "disk_mbps_read_write": 60,
            "disk_size_gb": 32,
            "encryption_settings": [],
            "id": "/subscriptions/c0a57d55-42cb-4d4d-ab13-62d30c7b4b31/resourceGroups/Project-RG2/providers/Microsoft.Compute/disks/Apache-Disk",
            "image_reference_id": "",
            "location": "eastus",
            "name": "Apache-Disk",
            "network_access_policy": null,
            "os_type": "",
            "resource_group_name": "Project-RG2",
            "source_resource_id": "",
            "source_uri": "",
            "storage_account_id": "",
            "storage_account_type": "Standard_LRS",
            "tags": {},
            "tier": "",
            "timeouts": null,
            "zones": []
          },
          "sensitive_attributes": [],
          "private": "eyJlMmJmYjczMC1lY2FhLTExZTYtOGY4OC0zNDM2M2JjN2M0YzAiOnsiY3JlYXRlIjoxODAwMDAwMDAwMDAwLCJkZWxldGUiOjE4MDAwMDAwMDAwMDAsInJlYWQiOjMwMDAwMDAwMDAwMCwidXBkYXRlIjoxODAwMDAwMDAwMDAwfX0=",
          "dependencies": [
            "module.CoalfireModule.azurerm_resource_group.project-rg"
          ]
        }
      ]
    },
    {
      "module": "module.CoalfireModule",
      "mode": "managed",
      "type": "azurerm_network_interface",
      "name": "interface",
      "provider": "provider[\"registry.terraform.io/hashicorp/azurerm\"]",
      "instances": [
        {
          "schema_version": 0,
          "attributes": {
            "applied_dns_servers": [],
            "dns_servers": [],
            "enable_accelerated_networking": false,
            "enable_ip_forwarding": false,
            "id": "/subscriptions/c0a57d55-42cb-4d4d-ab13-62d30c7b4b31/resourceGroups/Project-RG2/providers/Microsoft.Network/networkInterfaces/vm1-nic",
            "internal_dns_name_label": "",
            "internal_domain_name_suffix": "04zzvmjce4me1h3jnpmazk4mvd.bx.internal.cloudapp.net",
            "ip_configuration": [
              {
                "name": "internal",
                "primary": true,
                "private_ip_address": "10.0.0.4",
                "private_ip_address_allocation": "Dynamic",
                "private_ip_address_version": "IPv4",
                "public_ip_address_id": "",
                "subnet_id": "/subscriptions/c0a57d55-42cb-4d4d-ab13-62d30c7b4b31/resourceGroups/Project-RG2/providers/Microsoft.Network/virtualNetworks/virtualNetwork1/subnets/sub1"
              }
            ],
            "location": "eastus",
            "mac_address": "00-22-48-24-4B-0B",
            "name": "vm1-nic",
            "private_ip_address": "10.0.0.4",
            "private_ip_addresses": [
              "10.0.0.4"
            ],
            "resource_group_name": "Project-RG2",
            "tags": {},
            "timeouts": null,
            "virtual_machine_id": "/subscriptions/c0a57d55-42cb-4d4d-ab13-62d30c7b4b31/resourceGroups/Project-RG2/providers/Microsoft.Compute/virtualMachines/VM-1"
          },
          "sensitive_attributes": [],
          "private": "eyJlMmJmYjczMC1lY2FhLTExZTYtOGY4OC0zNDM2M2JjN2M0YzAiOnsiY3JlYXRlIjoxODAwMDAwMDAwMDAwLCJkZWxldGUiOjE4MDAwMDAwMDAwMDAsInJlYWQiOjMwMDAwMDAwMDAwMCwidXBkYXRlIjoxODAwMDAwMDAwMDAwfX0=",
          "dependencies": [
            "module.CoalfireModule.azurerm_resource_group.project-rg",
            "module.CoalfireModule.azurerm_subnet.sub1",
            "module.CoalfireModule.azurerm_virtual_network.vnet1"
          ]
        }
      ]
    },
    {
      "module": "module.CoalfireModule",
      "mode": "managed",
      "type": "azurerm_network_interface",
      "name": "interface2",
      "provider": "provider[\"registry.terraform.io/hashicorp/azurerm\"]",
      "instances": [
        {
          "schema_version": 0,
          "attributes": {
            "applied_dns_servers": [],
            "dns_servers": [],
            "enable_accelerated_networking": false,
            "enable_ip_forwarding": false,
            "id": "/subscriptions/c0a57d55-42cb-4d4d-ab13-62d30c7b4b31/resourceGroups/Project-RG2/providers/Microsoft.Network/networkInterfaces/vm2-nic",
            "internal_dns_name_label": "",
            "internal_domain_name_suffix": "04zzvmjce4me1h3jnpmazk4mvd.bx.internal.cloudapp.net",
            "ip_configuration": [
              {
                "name": "internal",
                "primary": true,
                "private_ip_address": "10.0.0.5",
                "private_ip_address_allocation": "Dynamic",
                "private_ip_address_version": "IPv4",
                "public_ip_address_id": "",
                "subnet_id": "/subscriptions/c0a57d55-42cb-4d4d-ab13-62d30c7b4b31/resourceGroups/Project-RG2/providers/Microsoft.Network/virtualNetworks/virtualNetwork1/subnets/sub1"
              }
            ],
            "location": "eastus",
            "mac_address": "00-0D-3A-1D-59-23",
            "name": "vm2-nic",
            "private_ip_address": "10.0.0.5",
            "private_ip_addresses": [
              "10.0.0.5"
            ],
            "resource_group_name": "Project-RG2",
            "tags": {},
            "timeouts": null,
            "virtual_machine_id": "/subscriptions/c0a57d55-42cb-4d4d-ab13-62d30c7b4b31/resourceGroups/Project-RG2/providers/Microsoft.Compute/virtualMachines/VM-2"
          },
          "sensitive_attributes": [],
          "private": "eyJlMmJmYjczMC1lY2FhLTExZTYtOGY4OC0zNDM2M2JjN2M0YzAiOnsiY3JlYXRlIjoxODAwMDAwMDAwMDAwLCJkZWxldGUiOjE4MDAwMDAwMDAwMDAsInJlYWQiOjMwMDAwMDAwMDAwMCwidXBkYXRlIjoxODAwMDAwMDAwMDAwfX0=",
          "dependencies": [
            "module.CoalfireModule.azurerm_resource_group.project-rg",
            "module.CoalfireModule.azurerm_subnet.sub1",
            "module.CoalfireModule.azurerm_virtual_network.vnet1"
          ]
        }
      ]
    },
    {
      "module": "module.CoalfireModule",
      "mode": "managed",
      "type": "azurerm_network_interface",
      "name": "interface3",
      "provider": "provider[\"registry.terraform.io/hashicorp/azurerm\"]",
      "instances": [
        {
          "schema_version": 0,
          "attributes": {
            "applied_dns_servers": [],
            "dns_servers": [],
            "enable_accelerated_networking": false,
            "enable_ip_forwarding": false,
            "id": "/subscriptions/c0a57d55-42cb-4d4d-ab13-62d30c7b4b31/resourceGroups/Project-RG2/providers/Microsoft.Network/networkInterfaces/vm3-nic",
            "internal_dns_name_label": "",
            "internal_domain_name_suffix": "04zzvmjce4me1h3jnpmazk4mvd.bx.internal.cloudapp.net",
            "ip_configuration": [
              {
                "name": "internal",
                "primary": true,
                "private_ip_address": "10.0.2.4",
                "private_ip_address_allocation": "Dynamic",
                "private_ip_address_version": "IPv4",
                "public_ip_address_id": "",
                "subnet_id": "/subscriptions/c0a57d55-42cb-4d4d-ab13-62d30c7b4b31/resourceGroups/Project-RG2/providers/Microsoft.Network/virtualNetworks/virtualNetwork1/subnets/sub3"
              }
            ],
            "location": "eastus",
            "mac_address": "00-0D-3A-11-5D-78",
            "name": "vm3-nic",
            "private_ip_address": "10.0.2.4",
            "private_ip_addresses": [
              "10.0.2.4"
            ],
            "resource_group_name": "Project-RG2",
            "tags": {},
            "timeouts": null,
            "virtual_machine_id": "/subscriptions/c0a57d55-42cb-4d4d-ab13-62d30c7b4b31/resourceGroups/Project-RG2/providers/Microsoft.Compute/virtualMachines/Apache-VM"
          },
          "sensitive_attributes": [],
          "private": "eyJlMmJmYjczMC1lY2FhLTExZTYtOGY4OC0zNDM2M2JjN2M0YzAiOnsiY3JlYXRlIjoxODAwMDAwMDAwMDAwLCJkZWxldGUiOjE4MDAwMDAwMDAwMDAsInJlYWQiOjMwMDAwMDAwMDAwMCwidXBkYXRlIjoxODAwMDAwMDAwMDAwfX0=",
          "dependencies": [
            "module.CoalfireModule.azurerm_resource_group.project-rg",
            "module.CoalfireModule.azurerm_subnet.sub3",
            "module.CoalfireModule.azurerm_virtual_network.vnet1"
          ]
        }
      ]
    },
    {
      "module": "module.CoalfireModule",
      "mode": "managed",
      "type": "azurerm_network_interface_backend_address_pool_association",
      "name": "example",
      "provider": "provider[\"registry.terraform.io/hashicorp/azurerm\"]",
      "instances": [
        {
          "schema_version": 0,
          "attributes": {
            "backend_address_pool_id": "/subscriptions/c0a57d55-42cb-4d4d-ab13-62d30c7b4b31/resourceGroups/Project-RG2/providers/Microsoft.Network/loadBalancers/ApacheLoadBalancer/backendAddressPools/BackEndAddressPool",
            "id": "/subscriptions/c0a57d55-42cb-4d4d-ab13-62d30c7b4b31/resourceGroups/Project-RG2/providers/Microsoft.Network/networkInterfaces/vm3-nic/ipConfigurations/internal|/subscriptions/c0a57d55-42cb-4d4d-ab13-62d30c7b4b31/resourceGroups/Project-RG2/providers/Microsoft.Network/loadBalancers/ApacheLoadBalancer/backendAddressPools/BackEndAddressPool",
            "ip_configuration_name": "internal",
            "network_interface_id": "/subscriptions/c0a57d55-42cb-4d4d-ab13-62d30c7b4b31/resourceGroups/Project-RG2/providers/Microsoft.Network/networkInterfaces/vm3-nic",
            "timeouts": null
          },
          "sensitive_attributes": [],
          "private": "eyJlMmJmYjczMC1lY2FhLTExZTYtOGY4OC0zNDM2M2JjN2M0YzAiOnsiY3JlYXRlIjoxODAwMDAwMDAwMDAwLCJkZWxldGUiOjE4MDAwMDAwMDAwMDAsInJlYWQiOjMwMDAwMDAwMDAwMCwidXBkYXRlIjoxODAwMDAwMDAwMDAwfX0=",
          "dependencies": [
            "module.CoalfireModule.azurerm_lb.apache-lb",
            "module.CoalfireModule.azurerm_lb_backend_address_pool.backend-pool",
            "module.CoalfireModule.azurerm_network_interface.interface3",
            "module.CoalfireModule.azurerm_public_ip.lb-ip",
            "module.CoalfireModule.azurerm_resource_group.project-rg",
            "module.CoalfireModule.azurerm_subnet.sub3",
            "module.CoalfireModule.azurerm_virtual_network.vnet1"
          ]
        }
      ]
    },
    {
      "module": "module.CoalfireModule",
      "mode": "managed",
      "type": "azurerm_network_security_group",
      "name": "nsg1",
      "provider": "provider[\"registry.terraform.io/hashicorp/azurerm\"]",
      "instances": [
        {
          "schema_version": 0,
          "attributes": {
            "id": "/subscriptions/c0a57d55-42cb-4d4d-ab13-62d30c7b4b31/resourceGroups/Project-RG2/providers/Microsoft.Network/networkSecurityGroups/project-nsg-1",
            "location": "eastus",
            "name": "project-nsg-1",
            "resource_group_name": "Project-RG2",
            "security_rule": [
              {
                "access": "Allow",
                "description": "",
                "destination_address_prefix": "*",
                "destination_address_prefixes": [],
                "destination_application_security_group_ids": [],
                "destination_port_range": "22",
                "destination_port_ranges": [],
                "direction": "Inbound",
                "name": "allow-ssh",
                "priority": 1001,
                "protocol": "*",
                "source_address_prefix": "*",
                "source_address_prefixes": [],
                "source_application_security_group_ids": [],
                "source_port_range": "*",
                "source_port_ranges": []
              }
            ],
            "tags": {},
            "timeouts": null
          },
          "sensitive_attributes": [],
          "private": "eyJlMmJmYjczMC1lY2FhLTExZTYtOGY4OC0zNDM2M2JjN2M0YzAiOnsiY3JlYXRlIjoxODAwMDAwMDAwMDAwLCJkZWxldGUiOjE4MDAwMDAwMDAwMDAsInJlYWQiOjMwMDAwMDAwMDAwMCwidXBkYXRlIjoxODAwMDAwMDAwMDAwfX0=",
          "dependencies": [
            "module.CoalfireModule.azurerm_resource_group.project-rg"
          ]
        }
      ]
    },
    {
      "module": "module.CoalfireModule",
      "mode": "managed",
      "type": "azurerm_network_security_group",
      "name": "nsg2",
      "provider": "provider[\"registry.terraform.io/hashicorp/azurerm\"]",
      "instances": [
        {
          "schema_version": 0,
          "attributes": {
            "id": "/subscriptions/c0a57d55-42cb-4d4d-ab13-62d30c7b4b31/resourceGroups/Project-RG2/providers/Microsoft.Network/networkSecurityGroups/project-nsg-2",
            "location": "eastus",
            "name": "project-nsg-2",
            "resource_group_name": "Project-RG2",
            "security_rule": [
              {
                "access": "Allow",
                "description": "",
                "destination_address_prefix": "*",
                "destination_address_prefixes": [],
                "destination_application_security_group_ids": [],
                "destination_port_range": "*",
                "destination_port_ranges": [],
                "direction": "Inbound",
                "name": "allow-lb",
                "priority": 1001,
                "protocol": "*",
                "source_address_prefix": "40.76.70.194",
                "source_address_prefixes": [],
                "source_application_security_group_ids": [],
                "source_port_range": "*",
                "source_port_ranges": []
              }
            ],
            "tags": {},
            "timeouts": null
          },
          "sensitive_attributes": [],
          "private": "eyJlMmJmYjczMC1lY2FhLTExZTYtOGY4OC0zNDM2M2JjN2M0YzAiOnsiY3JlYXRlIjoxODAwMDAwMDAwMDAwLCJkZWxldGUiOjE4MDAwMDAwMDAwMDAsInJlYWQiOjMwMDAwMDAwMDAwMCwidXBkYXRlIjoxODAwMDAwMDAwMDAwfX0=",
          "dependencies": [
            "module.CoalfireModule.azurerm_resource_group.project-rg"
          ]
        }
      ]
    },
    {
      "module": "module.CoalfireModule",
      "mode": "managed",
      "type": "azurerm_public_ip",
      "name": "lb-ip",
      "provider": "provider[\"registry.terraform.io/hashicorp/azurerm\"]",
      "instances": [
        {
          "schema_version": 0,
          "attributes": {
            "allocation_method": "Static",
            "availability_zone": "No-Zone",
            "domain_name_label": null,
            "fqdn": null,
            "id": "/subscriptions/c0a57d55-42cb-4d4d-ab13-62d30c7b4b31/resourceGroups/Project-RG2/providers/Microsoft.Network/publicIPAddresses/PublicIPForLB",
            "idle_timeout_in_minutes": 4,
            "ip_address": "40.76.70.194",
            "ip_tags": {},
            "ip_version": "IPv4",
            "location": "eastus",
            "name": "PublicIPForLB",
            "public_ip_prefix_id": null,
            "resource_group_name": "Project-RG2",
            "reverse_fqdn": null,
            "sku": "Basic",
            "sku_tier": "Regional",
            "tags": {},
            "timeouts": null,
            "zones": []
          },
          "sensitive_attributes": [],
          "private": "eyJlMmJmYjczMC1lY2FhLTExZTYtOGY4OC0zNDM2M2JjN2M0YzAiOnsiY3JlYXRlIjoxODAwMDAwMDAwMDAwLCJkZWxldGUiOjE4MDAwMDAwMDAwMDAsInJlYWQiOjMwMDAwMDAwMDAwMCwidXBkYXRlIjoxODAwMDAwMDAwMDAwfX0=",
          "dependencies": [
            "module.CoalfireModule.azurerm_resource_group.project-rg"
          ]
        }
      ]
    },
    {
      "module": "module.CoalfireModule",
      "mode": "managed",
      "type": "azurerm_resource_group",
      "name": "project-rg",
      "provider": "provider[\"registry.terraform.io/hashicorp/azurerm\"]",
      "instances": [
        {
          "schema_version": 0,
          "attributes": {
            "id": "/subscriptions/c0a57d55-42cb-4d4d-ab13-62d30c7b4b31/resourceGroups/Project-RG2",
            "location": "eastus",
            "name": "Project-RG2",
            "tags": {},
            "timeouts": null
          },
          "sensitive_attributes": [],
          "private": "eyJlMmJmYjczMC1lY2FhLTExZTYtOGY4OC0zNDM2M2JjN2M0YzAiOnsiY3JlYXRlIjo1NDAwMDAwMDAwMDAwLCJkZWxldGUiOjU0MDAwMDAwMDAwMDAsInJlYWQiOjMwMDAwMDAwMDAwMCwidXBkYXRlIjo1NDAwMDAwMDAwMDAwfX0="
        }
      ]
    },
    {
      "module": "module.CoalfireModule",
      "mode": "managed",
      "type": "azurerm_storage_account",
      "name": "storage1",
      "provider": "provider[\"registry.terraform.io/hashicorp/azurerm\"]",
      "instances": [
        {
          "schema_version": 2,
          "attributes": {
            "access_tier": "Hot",
            "account_kind": "StorageV2",
            "account_replication_type": "GRS",
            "account_tier": "Standard",
            "allow_blob_public_access": false,
            "azure_files_authentication": [],
            "blob_properties": [
              {
                "change_feed_enabled": false,
                "container_delete_retention_policy": [],
                "cors_rule": [],
                "default_service_version": "",
                "delete_retention_policy": [],
                "last_access_time_enabled": false,
                "versioning_enabled": false
              }
            ],
            "custom_domain": [],
            "enable_https_traffic_only": true,
            "id": "/subscriptions/c0a57d55-42cb-4d4d-ab13-62d30c7b4b31/resourceGroups/Project-RG2/providers/Microsoft.Storage/storageAccounts/coalfirestorage123",
            "identity": [],
            "is_hns_enabled": false,
            "large_file_share_enabled": null,
            "location": "eastus",
            "min_tls_version": "TLS1_0",
            "name": "coalfirestorage123",
            "network_rules": [
              {
                "bypass": [
                  "AzureServices"
                ],
                "default_action": "Allow",
                "ip_rules": [],
                "private_link_access": [],
                "virtual_network_subnet_ids": [
                  "/subscriptions/c0a57d55-42cb-4d4d-ab13-62d30c7b4b31/resourceGroups/Project-RG2/providers/Microsoft.Network/virtualNetworks/virtualNetwork1/subnets/sub1",
                  "/subscriptions/c0a57d55-42cb-4d4d-ab13-62d30c7b4b31/resourceGroups/Project-RG2/providers/Microsoft.Network/virtualNetworks/virtualNetwork1/subnets/sub2",
                  "/subscriptions/c0a57d55-42cb-4d4d-ab13-62d30c7b4b31/resourceGroups/Project-RG2/providers/Microsoft.Network/virtualNetworks/virtualNetwork1/subnets/sub3",
                  "/subscriptions/c0a57d55-42cb-4d4d-ab13-62d30c7b4b31/resourceGroups/Project-RG2/providers/Microsoft.Network/virtualNetworks/virtualNetwork1/subnets/sub4"
                ]
              }
            ],
            "nfsv3_enabled": false,
            "primary_access_key": "pimTy0zSb95dPxeUc5iJX4o79dNlyhlszPy/kaBu6fgyKWgJ97S+lBaArVy48nVNOhRhcUqDyscrD+mvp43Xsw==",
            "primary_blob_connection_string": "DefaultEndpointsProtocol=https;BlobEndpoint=https://coalfirestorage123.blob.core.windows.net/;AccountName=coalfirestorage123;AccountKey=pimTy0zSb95dPxeUc5iJX4o79dNlyhlszPy/kaBu6fgyKWgJ97S+lBaArVy48nVNOhRhcUqDyscrD+mvp43Xsw==",
            "primary_blob_endpoint": "https://coalfirestorage123.blob.core.windows.net/",
            "primary_blob_host": "coalfirestorage123.blob.core.windows.net",
            "primary_connection_string": "DefaultEndpointsProtocol=https;AccountName=coalfirestorage123;AccountKey=pimTy0zSb95dPxeUc5iJX4o79dNlyhlszPy/kaBu6fgyKWgJ97S+lBaArVy48nVNOhRhcUqDyscrD+mvp43Xsw==;EndpointSuffix=core.windows.net",
            "primary_dfs_endpoint": "https://coalfirestorage123.dfs.core.windows.net/",
            "primary_dfs_host": "coalfirestorage123.dfs.core.windows.net",
            "primary_file_endpoint": "https://coalfirestorage123.file.core.windows.net/",
            "primary_file_host": "coalfirestorage123.file.core.windows.net",
            "primary_location": "eastus",
            "primary_queue_endpoint": "https://coalfirestorage123.queue.core.windows.net/",
            "primary_queue_host": "coalfirestorage123.queue.core.windows.net",
            "primary_table_endpoint": "https://coalfirestorage123.table.core.windows.net/",
            "primary_table_host": "coalfirestorage123.table.core.windows.net",
            "primary_web_endpoint": "https://coalfirestorage123.z13.web.core.windows.net/",
            "primary_web_host": "coalfirestorage123.z13.web.core.windows.net",
            "queue_properties": [
              {
                "cors_rule": [],
                "hour_metrics": [
                  {
                    "enabled": true,
                    "include_apis": true,
                    "retention_policy_days": 7,
                    "version": "1.0"
                  }
                ],
                "logging": [
                  {
                    "delete": false,
                    "read": false,
                    "retention_policy_days": 0,
                    "version": "1.0",
                    "write": false
                  }
                ],
                "minute_metrics": [
                  {
                    "enabled": false,
                    "include_apis": false,
                    "retention_policy_days": 0,
                    "version": "1.0"
                  }
                ]
              }
            ],
            "resource_group_name": "Project-RG2",
            "routing": [],
            "secondary_access_key": "fslqkKcYIVon3sMQS9/Hz7mnfb37JjlTwhkC2/TdomFJ4jwvs7C8Ajr0O1sMCb/8cyrEuWfyEb8o0OQZ41GQ+g==",
            "secondary_blob_connection_string": "",
            "secondary_blob_endpoint": null,
            "secondary_blob_host": null,
            "secondary_connection_string": "DefaultEndpointsProtocol=https;AccountName=coalfirestorage123;AccountKey=fslqkKcYIVon3sMQS9/Hz7mnfb37JjlTwhkC2/TdomFJ4jwvs7C8Ajr0O1sMCb/8cyrEuWfyEb8o0OQZ41GQ+g==;EndpointSuffix=core.windows.net",
            "secondary_dfs_endpoint": null,
            "secondary_dfs_host": null,
            "secondary_file_endpoint": null,
            "secondary_file_host": null,
            "secondary_location": "westus",
            "secondary_queue_endpoint": null,
            "secondary_queue_host": null,
            "secondary_table_endpoint": null,
            "secondary_table_host": null,
            "secondary_web_endpoint": null,
            "secondary_web_host": null,
            "share_properties": [
              {
                "cors_rule": [],
                "retention_policy": [
                  {
                    "days": 7
                  }
                ],
                "smb": []
              }
            ],
            "static_website": [],
            "tags": {},
            "timeouts": null
          },
          "sensitive_attributes": [],
          "private": "eyJlMmJmYjczMC1lY2FhLTExZTYtOGY4OC0zNDM2M2JjN2M0YzAiOnsiY3JlYXRlIjozNjAwMDAwMDAwMDAwLCJkZWxldGUiOjM2MDAwMDAwMDAwMDAsInJlYWQiOjMwMDAwMDAwMDAwMCwidXBkYXRlIjozNjAwMDAwMDAwMDAwfSwic2NoZW1hX3ZlcnNpb24iOiIyIn0=",
          "dependencies": [
            "module.CoalfireModule.azurerm_resource_group.project-rg"
          ]
        }
      ]
    },
    {
      "module": "module.CoalfireModule",
      "mode": "managed",
      "type": "azurerm_storage_account_network_rules",
      "name": "Network1",
      "provider": "provider[\"registry.terraform.io/hashicorp/azurerm\"]",
      "instances": [
        {
          "schema_version": 0,
          "attributes": {
            "bypass": [
              "AzureServices"
            ],
            "default_action": "Allow",
            "id": "/subscriptions/c0a57d55-42cb-4d4d-ab13-62d30c7b4b31/resourceGroups/Project-RG2/providers/Microsoft.Storage/storageAccounts/coalfirestorage123",
            "ip_rules": [],
            "private_link_access": [],
            "resource_group_name": "Project-RG2",
            "storage_account_name": "coalfirestorage123",
            "timeouts": null,
            "virtual_network_subnet_ids": [
              "/subscriptions/c0a57d55-42cb-4d4d-ab13-62d30c7b4b31/resourceGroups/Project-RG2/providers/Microsoft.Network/virtualNetworks/virtualNetwork1/subnets/sub1",
              "/subscriptions/c0a57d55-42cb-4d4d-ab13-62d30c7b4b31/resourceGroups/Project-RG2/providers/Microsoft.Network/virtualNetworks/virtualNetwork1/subnets/sub2",
              "/subscriptions/c0a57d55-42cb-4d4d-ab13-62d30c7b4b31/resourceGroups/Project-RG2/providers/Microsoft.Network/virtualNetworks/virtualNetwork1/subnets/sub3",
              "/subscriptions/c0a57d55-42cb-4d4d-ab13-62d30c7b4b31/resourceGroups/Project-RG2/providers/Microsoft.Network/virtualNetworks/virtualNetwork1/subnets/sub4"
            ]
          },
          "sensitive_attributes": [],
          "private": "eyJlMmJmYjczMC1lY2FhLTExZTYtOGY4OC0zNDM2M2JjN2M0YzAiOnsiY3JlYXRlIjozNjAwMDAwMDAwMDAwLCJkZWxldGUiOjM2MDAwMDAwMDAwMDAsInJlYWQiOjMwMDAwMDAwMDAwMCwidXBkYXRlIjozNjAwMDAwMDAwMDAwfX0=",
          "dependencies": [
            "module.CoalfireModule.azurerm_storage_account.storage1",
            "module.CoalfireModule.azurerm_subnet.sub1",
            "module.CoalfireModule.azurerm_subnet.sub2",
            "module.CoalfireModule.azurerm_subnet.sub3",
            "module.CoalfireModule.azurerm_subnet.sub4",
            "module.CoalfireModule.azurerm_virtual_network.vnet1",
            "module.CoalfireModule.azurerm_resource_group.project-rg"
          ]
        }
      ]
    },
    {
      "module": "module.CoalfireModule",
      "mode": "managed",
      "type": "azurerm_subnet",
      "name": "sub1",
      "provider": "provider[\"registry.terraform.io/hashicorp/azurerm\"]",
      "instances": [
        {
          "schema_version": 0,
          "attributes": {
            "address_prefix": "10.0.0.0/24",
            "address_prefixes": [
              "10.0.0.0/24"
            ],
            "delegation": [],
            "enforce_private_link_endpoint_network_policies": false,
            "enforce_private_link_service_network_policies": false,
            "id": "/subscriptions/c0a57d55-42cb-4d4d-ab13-62d30c7b4b31/resourceGroups/Project-RG2/providers/Microsoft.Network/virtualNetworks/virtualNetwork1/subnets/sub1",
            "name": "sub1",
            "resource_group_name": "Project-RG2",
            "service_endpoint_policy_ids": [],
            "service_endpoints": [
              "Microsoft.Storage"
            ],
            "timeouts": null,
            "virtual_network_name": "virtualNetwork1"
          },
          "sensitive_attributes": [],
          "private": "eyJlMmJmYjczMC1lY2FhLTExZTYtOGY4OC0zNDM2M2JjN2M0YzAiOnsiY3JlYXRlIjoxODAwMDAwMDAwMDAwLCJkZWxldGUiOjE4MDAwMDAwMDAwMDAsInJlYWQiOjMwMDAwMDAwMDAwMCwidXBkYXRlIjoxODAwMDAwMDAwMDAwfX0=",
          "dependencies": [
            "module.CoalfireModule.azurerm_resource_group.project-rg",
            "module.CoalfireModule.azurerm_virtual_network.vnet1"
          ]
        }
      ]
    },
    {
      "module": "module.CoalfireModule",
      "mode": "managed",
      "type": "azurerm_subnet",
      "name": "sub2",
      "provider": "provider[\"registry.terraform.io/hashicorp/azurerm\"]",
      "instances": [
        {
          "schema_version": 0,
          "attributes": {
            "address_prefix": "10.0.1.0/24",
            "address_prefixes": [
              "10.0.1.0/24"
            ],
            "delegation": [],
            "enforce_private_link_endpoint_network_policies": false,
            "enforce_private_link_service_network_policies": false,
            "id": "/subscriptions/c0a57d55-42cb-4d4d-ab13-62d30c7b4b31/resourceGroups/Project-RG2/providers/Microsoft.Network/virtualNetworks/virtualNetwork1/subnets/sub2",
            "name": "sub2",
            "resource_group_name": "Project-RG2",
            "service_endpoint_policy_ids": [],
            "service_endpoints": [
              "Microsoft.Storage"
            ],
            "timeouts": null,
            "virtual_network_name": "virtualNetwork1"
          },
          "sensitive_attributes": [],
          "private": "eyJlMmJmYjczMC1lY2FhLTExZTYtOGY4OC0zNDM2M2JjN2M0YzAiOnsiY3JlYXRlIjoxODAwMDAwMDAwMDAwLCJkZWxldGUiOjE4MDAwMDAwMDAwMDAsInJlYWQiOjMwMDAwMDAwMDAwMCwidXBkYXRlIjoxODAwMDAwMDAwMDAwfX0=",
          "dependencies": [
            "module.CoalfireModule.azurerm_resource_group.project-rg",
            "module.CoalfireModule.azurerm_virtual_network.vnet1"
          ]
        }
      ]
    },
    {
      "module": "module.CoalfireModule",
      "mode": "managed",
      "type": "azurerm_subnet",
      "name": "sub3",
      "provider": "provider[\"registry.terraform.io/hashicorp/azurerm\"]",
      "instances": [
        {
          "schema_version": 0,
          "attributes": {
            "address_prefix": "10.0.2.0/24",
            "address_prefixes": [
              "10.0.2.0/24"
            ],
            "delegation": [],
            "enforce_private_link_endpoint_network_policies": false,
            "enforce_private_link_service_network_policies": false,
            "id": "/subscriptions/c0a57d55-42cb-4d4d-ab13-62d30c7b4b31/resourceGroups/Project-RG2/providers/Microsoft.Network/virtualNetworks/virtualNetwork1/subnets/sub3",
            "name": "sub3",
            "resource_group_name": "Project-RG2",
            "service_endpoint_policy_ids": [],
            "service_endpoints": [
              "Microsoft.Storage"
            ],
            "timeouts": null,
            "virtual_network_name": "virtualNetwork1"
          },
          "sensitive_attributes": [],
          "private": "eyJlMmJmYjczMC1lY2FhLTExZTYtOGY4OC0zNDM2M2JjN2M0YzAiOnsiY3JlYXRlIjoxODAwMDAwMDAwMDAwLCJkZWxldGUiOjE4MDAwMDAwMDAwMDAsInJlYWQiOjMwMDAwMDAwMDAwMCwidXBkYXRlIjoxODAwMDAwMDAwMDAwfX0=",
          "dependencies": [
            "module.CoalfireModule.azurerm_resource_group.project-rg",
            "module.CoalfireModule.azurerm_virtual_network.vnet1"
          ]
        }
      ]
    },
    {
      "module": "module.CoalfireModule",
      "mode": "managed",
      "type": "azurerm_subnet",
      "name": "sub4",
      "provider": "provider[\"registry.terraform.io/hashicorp/azurerm\"]",
      "instances": [
        {
          "schema_version": 0,
          "attributes": {
            "address_prefix": "10.0.3.0/24",
            "address_prefixes": [
              "10.0.3.0/24"
            ],
            "delegation": [],
            "enforce_private_link_endpoint_network_policies": false,
            "enforce_private_link_service_network_policies": false,
            "id": "/subscriptions/c0a57d55-42cb-4d4d-ab13-62d30c7b4b31/resourceGroups/Project-RG2/providers/Microsoft.Network/virtualNetworks/virtualNetwork1/subnets/sub4",
            "name": "sub4",
            "resource_group_name": "Project-RG2",
            "service_endpoint_policy_ids": [],
            "service_endpoints": [
              "Microsoft.Storage"
            ],
            "timeouts": null,
            "virtual_network_name": "virtualNetwork1"
          },
          "sensitive_attributes": [],
          "private": "eyJlMmJmYjczMC1lY2FhLTExZTYtOGY4OC0zNDM2M2JjN2M0YzAiOnsiY3JlYXRlIjoxODAwMDAwMDAwMDAwLCJkZWxldGUiOjE4MDAwMDAwMDAwMDAsInJlYWQiOjMwMDAwMDAwMDAwMCwidXBkYXRlIjoxODAwMDAwMDAwMDAwfX0=",
          "dependencies": [
            "module.CoalfireModule.azurerm_resource_group.project-rg",
            "module.CoalfireModule.azurerm_virtual_network.vnet1"
          ]
        }
      ]
    },
    {
      "module": "module.CoalfireModule",
      "mode": "managed",
      "type": "azurerm_subnet_network_security_group_association",
      "name": "sub1-associate",
      "provider": "provider[\"registry.terraform.io/hashicorp/azurerm\"]",
      "instances": [
        {
          "schema_version": 0,
          "attributes": {
            "id": "/subscriptions/c0a57d55-42cb-4d4d-ab13-62d30c7b4b31/resourceGroups/Project-RG2/providers/Microsoft.Network/virtualNetworks/virtualNetwork1/subnets/sub1",
            "network_security_group_id": "/subscriptions/c0a57d55-42cb-4d4d-ab13-62d30c7b4b31/resourceGroups/Project-RG2/providers/Microsoft.Network/networkSecurityGroups/project-nsg-1",
            "subnet_id": "/subscriptions/c0a57d55-42cb-4d4d-ab13-62d30c7b4b31/resourceGroups/Project-RG2/providers/Microsoft.Network/virtualNetworks/virtualNetwork1/subnets/sub1",
            "timeouts": null
          },
          "sensitive_attributes": [],
          "private": "eyJlMmJmYjczMC1lY2FhLTExZTYtOGY4OC0zNDM2M2JjN2M0YzAiOnsiY3JlYXRlIjoxODAwMDAwMDAwMDAwLCJkZWxldGUiOjE4MDAwMDAwMDAwMDAsInJlYWQiOjMwMDAwMDAwMDAwMCwidXBkYXRlIjoxODAwMDAwMDAwMDAwfX0=",
          "dependencies": [
            "module.CoalfireModule.azurerm_network_security_group.nsg1",
            "module.CoalfireModule.azurerm_resource_group.project-rg",
            "module.CoalfireModule.azurerm_subnet.sub1",
            "module.CoalfireModule.azurerm_virtual_network.vnet1"
          ]
        }
      ]
    },
    {
      "module": "module.CoalfireModule",
      "mode": "managed",
      "type": "azurerm_subnet_network_security_group_association",
      "name": "sub3-associate",
      "provider": "provider[\"registry.terraform.io/hashicorp/azurerm\"]",
      "instances": [
        {
          "schema_version": 0,
          "attributes": {
            "id": "/subscriptions/c0a57d55-42cb-4d4d-ab13-62d30c7b4b31/resourceGroups/Project-RG2/providers/Microsoft.Network/virtualNetworks/virtualNetwork1/subnets/sub3",
            "network_security_group_id": "/subscriptions/c0a57d55-42cb-4d4d-ab13-62d30c7b4b31/resourceGroups/Project-RG2/providers/Microsoft.Network/networkSecurityGroups/project-nsg-2",
            "subnet_id": "/subscriptions/c0a57d55-42cb-4d4d-ab13-62d30c7b4b31/resourceGroups/Project-RG2/providers/Microsoft.Network/virtualNetworks/virtualNetwork1/subnets/sub3",
            "timeouts": null
          },
          "sensitive_attributes": [],
          "private": "eyJlMmJmYjczMC1lY2FhLTExZTYtOGY4OC0zNDM2M2JjN2M0YzAiOnsiY3JlYXRlIjoxODAwMDAwMDAwMDAwLCJkZWxldGUiOjE4MDAwMDAwMDAwMDAsInJlYWQiOjMwMDAwMDAwMDAwMCwidXBkYXRlIjoxODAwMDAwMDAwMDAwfX0=",
          "dependencies": [
            "module.CoalfireModule.azurerm_virtual_network.vnet1",
            "module.CoalfireModule.azurerm_network_security_group.nsg2",
            "module.CoalfireModule.azurerm_resource_group.project-rg",
            "module.CoalfireModule.azurerm_subnet.sub3"
          ]
        }
      ]
    },
    {
      "module": "module.CoalfireModule",
      "mode": "managed",
      "type": "azurerm_virtual_machine_data_disk_attachment",
      "name": "vm1-disk-attachment",
      "provider": "provider[\"registry.terraform.io/hashicorp/azurerm\"]",
      "instances": [
        {
          "schema_version": 0,
          "attributes": {
            "caching": "ReadWrite",
            "create_option": "Attach",
            "id": "/subscriptions/c0a57d55-42cb-4d4d-ab13-62d30c7b4b31/resourceGroups/Project-RG2/providers/Microsoft.Compute/virtualMachines/VM-1/dataDisks/VM1-Disk",
            "lun": 10,
            "managed_disk_id": "/subscriptions/c0a57d55-42cb-4d4d-ab13-62d30c7b4b31/resourceGroups/Project-RG2/providers/Microsoft.Compute/disks/VM1-Disk",
            "timeouts": null,
            "virtual_machine_id": "/subscriptions/c0a57d55-42cb-4d4d-ab13-62d30c7b4b31/resourceGroups/Project-RG2/providers/Microsoft.Compute/virtualMachines/VM-1",
            "write_accelerator_enabled": false
          },
          "sensitive_attributes": [],
          "private": "eyJlMmJmYjczMC1lY2FhLTExZTYtOGY4OC0zNDM2M2JjN2M0YzAiOnsiY3JlYXRlIjoxODAwMDAwMDAwMDAwLCJkZWxldGUiOjE4MDAwMDAwMDAwMDAsInJlYWQiOjMwMDAwMDAwMDAwMCwidXBkYXRlIjoxODAwMDAwMDAwMDAwfX0=",
          "dependencies": [
            "module.CoalfireModule.azurerm_virtual_network.vnet1",
            "module.CoalfireModule.azurerm_availability_set.vmset",
            "module.CoalfireModule.azurerm_linux_virtual_machine.vm1",
            "module.CoalfireModule.azurerm_managed_disk.vm1-disk",
            "module.CoalfireModule.azurerm_network_interface.interface",
            "module.CoalfireModule.azurerm_resource_group.project-rg",
            "module.CoalfireModule.azurerm_subnet.sub1"
          ]
        }
      ]
    },
    {
      "module": "module.CoalfireModule",
      "mode": "managed",
      "type": "azurerm_virtual_machine_data_disk_attachment",
      "name": "vm2-disk-attachment",
      "provider": "provider[\"registry.terraform.io/hashicorp/azurerm\"]",
      "instances": [
        {
          "schema_version": 0,
          "attributes": {
            "caching": "ReadWrite",
            "create_option": "Attach",
            "id": "/subscriptions/c0a57d55-42cb-4d4d-ab13-62d30c7b4b31/resourceGroups/Project-RG2/providers/Microsoft.Compute/virtualMachines/VM-2/dataDisks/VM2-Disk",
            "lun": 10,
            "managed_disk_id": "/subscriptions/c0a57d55-42cb-4d4d-ab13-62d30c7b4b31/resourceGroups/Project-RG2/providers/Microsoft.Compute/disks/VM2-Disk",
            "timeouts": null,
            "virtual_machine_id": "/subscriptions/c0a57d55-42cb-4d4d-ab13-62d30c7b4b31/resourceGroups/Project-RG2/providers/Microsoft.Compute/virtualMachines/VM-2",
            "write_accelerator_enabled": false
          },
          "sensitive_attributes": [],
          "private": "eyJlMmJmYjczMC1lY2FhLTExZTYtOGY4OC0zNDM2M2JjN2M0YzAiOnsiY3JlYXRlIjoxODAwMDAwMDAwMDAwLCJkZWxldGUiOjE4MDAwMDAwMDAwMDAsInJlYWQiOjMwMDAwMDAwMDAwMCwidXBkYXRlIjoxODAwMDAwMDAwMDAwfX0=",
          "dependencies": [
            "module.CoalfireModule.azurerm_resource_group.project-rg",
            "module.CoalfireModule.azurerm_subnet.sub1",
            "module.CoalfireModule.azurerm_virtual_network.vnet1",
            "module.CoalfireModule.azurerm_availability_set.vmset",
            "module.CoalfireModule.azurerm_linux_virtual_machine.vm2",
            "module.CoalfireModule.azurerm_managed_disk.vm2-disk",
            "module.CoalfireModule.azurerm_network_interface.interface2"
          ]
        }
      ]
    },
    {
      "module": "module.CoalfireModule",
      "mode": "managed",
      "type": "azurerm_virtual_machine_data_disk_attachment",
      "name": "vm3-disk-attachment",
      "provider": "provider[\"registry.terraform.io/hashicorp/azurerm\"]",
      "instances": [
        {
          "schema_version": 0,
          "attributes": {
            "caching": "ReadWrite",
            "create_option": "Attach",
            "id": "/subscriptions/c0a57d55-42cb-4d4d-ab13-62d30c7b4b31/resourceGroups/Project-RG2/providers/Microsoft.Compute/virtualMachines/Apache-VM/dataDisks/Apache-Disk",
            "lun": 10,
            "managed_disk_id": "/subscriptions/c0a57d55-42cb-4d4d-ab13-62d30c7b4b31/resourceGroups/Project-RG2/providers/Microsoft.Compute/disks/Apache-Disk",
            "timeouts": null,
            "virtual_machine_id": "/subscriptions/c0a57d55-42cb-4d4d-ab13-62d30c7b4b31/resourceGroups/Project-RG2/providers/Microsoft.Compute/virtualMachines/Apache-VM",
            "write_accelerator_enabled": false
          },
          "sensitive_attributes": [],
          "private": "eyJlMmJmYjczMC1lY2FhLTExZTYtOGY4OC0zNDM2M2JjN2M0YzAiOnsiY3JlYXRlIjoxODAwMDAwMDAwMDAwLCJkZWxldGUiOjE4MDAwMDAwMDAwMDAsInJlYWQiOjMwMDAwMDAwMDAwMCwidXBkYXRlIjoxODAwMDAwMDAwMDAwfX0=",
          "dependencies": [
            "module.CoalfireModule.azurerm_resource_group.project-rg",
            "module.CoalfireModule.azurerm_subnet.sub3",
            "module.CoalfireModule.azurerm_virtual_network.vnet1",
            "module.CoalfireModule.azurerm_linux_virtual_machine.vm3",
            "module.CoalfireModule.azurerm_managed_disk.vm3-disk",
            "module.CoalfireModule.azurerm_network_interface.interface3"
          ]
        }
      ]
    },
    {
      "module": "module.CoalfireModule",
      "mode": "managed",
      "type": "azurerm_virtual_network",
      "name": "vnet1",
      "provider": "provider[\"registry.terraform.io/hashicorp/azurerm\"]",
      "instances": [
        {
          "schema_version": 0,
          "attributes": {
            "address_space": [
              "10.0.0.0/16"
            ],
            "bgp_community": "",
            "ddos_protection_plan": [],
            "dns_servers": [],
            "guid": "b19ab3d7-2722-4d98-9fa9-6bd80cabccab",
            "id": "/subscriptions/c0a57d55-42cb-4d4d-ab13-62d30c7b4b31/resourceGroups/Project-RG2/providers/Microsoft.Network/virtualNetworks/virtualNetwork1",
            "location": "eastus",
            "name": "virtualNetwork1",
            "resource_group_name": "Project-RG2",
            "subnet": [
              {
                "address_prefix": "10.0.0.0/24",
                "id": "/subscriptions/c0a57d55-42cb-4d4d-ab13-62d30c7b4b31/resourceGroups/Project-RG2/providers/Microsoft.Network/virtualNetworks/virtualNetwork1/subnets/sub1",
                "name": "sub1",
                "security_group": "/subscriptions/c0a57d55-42cb-4d4d-ab13-62d30c7b4b31/resourceGroups/Project-RG2/providers/Microsoft.Network/networkSecurityGroups/project-nsg-1"
              },
              {
                "address_prefix": "10.0.1.0/24",
                "id": "/subscriptions/c0a57d55-42cb-4d4d-ab13-62d30c7b4b31/resourceGroups/Project-RG2/providers/Microsoft.Network/virtualNetworks/virtualNetwork1/subnets/sub2",
                "name": "sub2",
                "security_group": ""
              },
              {
                "address_prefix": "10.0.2.0/24",
                "id": "/subscriptions/c0a57d55-42cb-4d4d-ab13-62d30c7b4b31/resourceGroups/Project-RG2/providers/Microsoft.Network/virtualNetworks/virtualNetwork1/subnets/sub3",
                "name": "sub3",
                "security_group": "/subscriptions/c0a57d55-42cb-4d4d-ab13-62d30c7b4b31/resourceGroups/Project-RG2/providers/Microsoft.Network/networkSecurityGroups/project-nsg-2"
              },
              {
                "address_prefix": "10.0.3.0/24",
                "id": "/subscriptions/c0a57d55-42cb-4d4d-ab13-62d30c7b4b31/resourceGroups/Project-RG2/providers/Microsoft.Network/virtualNetworks/virtualNetwork1/subnets/sub4",
                "name": "sub4",
                "security_group": ""
              },
              {
                "address_prefix": "10.0.4.0/27",
                "id": "/subscriptions/c0a57d55-42cb-4d4d-ab13-62d30c7b4b31/resourceGroups/Project-RG2/providers/Microsoft.Network/virtualNetworks/virtualNetwork1/subnets/AzureBastionSubnet",
                "name": "AzureBastionSubnet",
                "security_group": ""
              }
            ],
            "tags": {},
            "timeouts": null,
            "vm_protection_enabled": false
          },
          "sensitive_attributes": [],
          "private": "eyJlMmJmYjczMC1lY2FhLTExZTYtOGY4OC0zNDM2M2JjN2M0YzAiOnsiY3JlYXRlIjoxODAwMDAwMDAwMDAwLCJkZWxldGUiOjE4MDAwMDAwMDAwMDAsInJlYWQiOjMwMDAwMDAwMDAwMCwidXBkYXRlIjoxODAwMDAwMDAwMDAwfX0=",
          "dependencies": [
            "module.CoalfireModule.azurerm_resource_group.project-rg"
          ]
        }
      ]
    }
  ]
}
